dependencies:
- name: postgresql
  repository: oci://registry-1.docker.io/bitnamicharts
  version: 16.7.27
- name: valkey
  repository: oci://registry-1.docker.io/bitnamicharts
  version: 2.2.2
digest: sha256:f1ca73ee89143657a62e8b08365787fcfc63de3b352c4dd1872dcb6bb9addf48
generated: "2025-09-14T10:04:59.019762959Z"
